
Microsoft Visual Studio Solution File, Format Version 12.00
# Visual Studio 15
VisualStudioVersion = 15.0.27428.2011
MinimumVisualStudioVersion = 10.0.40219.1
Project("{151D2E53-A2C4-4D7D-83FE-D05416EBD58E}") = "bikdsharedeploy", "tdcbikesdeploy\bikdsharedeploy.deployproj", "{A81526C3-BF46-47A4-B39D-4BFE2CC6F8C3}"
EndProject
Global
	GlobalSection(SolutionConfigurationPlatforms) = preSolution
		Debug|Any CPU = Debug|Any CPU
		Release|Any CPU = Release|Any CPU
	EndGlobalSection
	GlobalSection(ProjectConfigurationPlatforms) = postSolution
		{A81526C3-BF46-47A4-B39D-4BFE2CC6F8C3}.Debug|Any CPU.ActiveCfg = Debug|Any CPU
		{A81526C3-BF46-47A4-B39D-4BFE2CC6F8C3}.Debug|Any CPU.Build.0 = Debug|Any CPU
		{A81526C3-BF46-47A4-B39D-4BFE2CC6F8C3}.Release|Any CPU.ActiveCfg = Debug|Any CPU
		{A81526C3-BF46-47A4-B39D-4BFE2CC6F8C3}.Release|Any CPU.Build.0 = Debug|Any CPU
	EndGlobalSection
	GlobalSection(SolutionProperties) = preSolution
		HideSolutionNode = FALSE
	EndGlobalSection
	GlobalSection(ExtensibilityGlobals) = postSolution
		SolutionGuid = {A7B9DC5B-1E74-4911-BF20-EE925C3DE429}
	EndGlobalSection
EndGlobal
